<?xml version="1.0" encoding="UTF-8"?>
<Scheme
   version = "1.3">
   <BuildAction>
      <BuildActionEntries>
         <BuildActionEntry
            buildForRunning = "YES">
            <BuildableReference
               BuildableIdentifier = "primary"
               BlueprintIdentifier = "355C1EDA264AF3070023481F"
               BuildableName = "SQLiteWireClientDemo"
               BlueprintName = "SQLiteWireClientDemo"
               ReferencedContainer = "container:SQLiteWireClientDemo.xcodeproj">
            </BuildableReference>
         </BuildActionEntry>
      </BuildActionEntries>
   </BuildAction>
   <LaunchAction
      useCustomWorkingDirectory = "NO"
      buildConfiguration = "Debug"
      allowLocationSimulation = "YES">
      <BuildableProductRunnable>
         <BuildableReference
            BuildableIdentifier = "primary"
            BlueprintIdentifier = "355C1EDA264AF3070023481F"
            BuildableName = "SQLiteWireClientDemo"
            BlueprintName = "SQLiteWireClientDemo"
            ReferencedContainer = "container:SQLiteWireClientDemo.xcodeproj">
         </BuildableReference>
      </BuildableProductRunnable>
   </LaunchAction>
</Scheme>
